
Microsoft Visual Studio Solution File, Format Version 12.00
# Visual Studio Version 16
VisualStudioVersion = 16.0.31105.61
MinimumVisualStudioVersion = 10.0.40219.1
Project("{FAE04EC0-301F-11D3-BF4B-00C04F79EFBC}") = "Lab16.1ClientSideValidation", "Lab16.1ClientSideValidation\Lab16.1ClientSideValidation.csproj", "{C3A4317E-6D68-4BCA-B8E0-EFA467D9FE3D}"
EndProject
Global
	GlobalSection(SolutionConfigurationPlatforms) = preSolution
		Debug|Any CPU = Debug|Any CPU
		Release|Any CPU = Release|Any CPU
	EndGlobalSection
	GlobalSection(ProjectConfigurationPlatforms) = postSolution
		{C3A4317E-6D68-4BCA-B8E0-EFA467D9FE3D}.Debug|Any CPU.ActiveCfg = Debug|Any CPU
		{C3A4317E-6D68-4BCA-B8E0-EFA467D9FE3D}.Debug|Any CPU.Build.0 = Debug|Any CPU
		{C3A4317E-6D68-4BCA-B8E0-EFA467D9FE3D}.Release|Any CPU.ActiveCfg = Release|Any CPU
		{C3A4317E-6D68-4BCA-B8E0-EFA467D9FE3D}.Release|Any CPU.Build.0 = Release|Any CPU
	EndGlobalSection
	GlobalSection(SolutionProperties) = preSolution
		HideSolutionNode = FALSE
	EndGlobalSection
	GlobalSection(ExtensibilityGlobals) = postSolution
		SolutionGuid = {D4B9279A-D4C8-48F8-889B-48967C6F2C29}
	EndGlobalSection
EndGlobal
